
Microsoft Visual Studio Solution File, Format Version 12.00
# Visual Studio Version 17
VisualStudioVersion = 17.8.34408.163
MinimumVisualStudioVersion = 10.0.40219.1
Project("{FAE04EC0-301F-11D3-BF4B-00C04F79EFBC}") = "Clasetipodatos", "Clasetipodatos\Clasetipodatos.csproj", "{7581BE4C-75FF-472E-9DD5-CE964F525C73}"
EndProject
Global
	GlobalSection(SolutionConfigurationPlatforms) = preSolution
		Debug|Any CPU = Debug|Any CPU
		Release|Any CPU = Release|Any CPU
	EndGlobalSection
	GlobalSection(ProjectConfigurationPlatforms) = postSolution
		{7581BE4C-75FF-472E-9DD5-CE964F525C73}.Debug|Any CPU.ActiveCfg = Debug|Any CPU
		{7581BE4C-75FF-472E-9DD5-CE964F525C73}.Debug|Any CPU.Build.0 = Debug|Any CPU
		{7581BE4C-75FF-472E-9DD5-CE964F525C73}.Release|Any CPU.ActiveCfg = Release|Any CPU
		{7581BE4C-75FF-472E-9DD5-CE964F525C73}.Release|Any CPU.Build.0 = Release|Any CPU
	EndGlobalSection
	GlobalSection(SolutionProperties) = preSolution
		HideSolutionNode = FALSE
	EndGlobalSection
	GlobalSection(ExtensibilityGlobals) = postSolution
		SolutionGuid = {61914AF2-2D7B-4F2C-A3A6-D1FDE9996CC7}
	EndGlobalSection
EndGlobal
